# generated by rye
# use `rye lock` or `rye sync` to update this lockfile
#
# last locked with the following flags:
#   pre: false
#   features: []
#   all-features: false
#   with-sources: false
#   generate-hashes: false
#   universal: false

-e file:.
aiofiles==23.2.1
    # via gradio
aiohappyeyeballs==2.4.3
    # via aiohttp
aiohttp==3.10.10
    # via datasets
    # via fsspec
aiosignal==1.3.1
    # via aiohttp
albucore==0.0.20
    # via albumentations
albumentations==1.4.21
    # via anydoor-refiners
altair==5.5.0
    # via streamlit
annotated-types==0.7.0
    # via pydantic
antlr4-python3-runtime==4.9.3
    # via omegaconf
anyio==4.6.2.post1
    # via gradio
    # via httpx
    # via starlette
arrow==1.3.0
    # via isoduration
asttokens==2.4.1
    # via stack-data
attrs==24.2.0
    # via aiohttp
    # via jsonschema
    # via referencing
bitsandbytes==0.44.1
    # via refiners
blinker==1.9.0
    # via streamlit
boto3==1.35.65
    # via neptune
botocore==1.35.65
    # via boto3
    # via s3transfer
bravado==11.0.3
    # via neptune
bravado-core==6.1.1
    # via bravado
cachetools==5.5.0
    # via streamlit
certifi==2024.8.30
    # via httpcore
    # via httpx
    # via requests
    # via sentry-sdk
charset-normalizer==3.4.0
    # via requests
click==8.1.7
    # via neptune
    # via streamlit
    # via typer
    # via uvicorn
    # via wandb
comm==0.2.2
    # via ipykernel
    # via ipywidgets
contourpy==1.3.0
    # via matplotlib
cycler==0.12.1
    # via matplotlib
datasets==3.1.0
    # via refiners
debugpy==1.8.7
    # via ipykernel
decorator==5.1.1
    # via ipython
dill==0.3.8
    # via datasets
    # via multiprocess
docker-pycreds==0.4.0
    # via wandb
einops==0.8.0
    # via anydoor-refiners
eval-type-backport==0.2.0
    # via albumentations
executing==2.1.0
    # via stack-data
fastapi==0.115.5
    # via gradio
ffmpy==0.4.0
    # via gradio
filelock==3.16.1
    # via datasets
    # via huggingface-hub
    # via torch
    # via triton
fonttools==4.54.1
    # via matplotlib
fqdn==1.5.1
    # via jsonschema
frozenlist==1.5.0
    # via aiohttp
    # via aiosignal
fsspec==2024.9.0
    # via datasets
    # via gradio-client
    # via huggingface-hub
    # via pytorch-lightning
    # via torch
future==1.0.0
    # via neptune
gitdb==4.0.11
    # via gitpython
gitpython==3.1.43
    # via neptune
    # via refiners
    # via streamlit
    # via wandb
gradio==5.5.0
    # via anydoor-refiners
gradio-client==1.4.2
    # via gradio
h11==0.14.0
    # via httpcore
    # via uvicorn
httpcore==1.0.6
    # via httpx
httpx==0.27.2
    # via gradio
    # via gradio-client
    # via safehttpx
huggingface-hub==0.26.1
    # via datasets
    # via gradio
    # via gradio-client
idna==3.10
    # via anyio
    # via httpx
    # via jsonschema
    # via requests
    # via yarl
importlib-resources==6.4.5
    # via swagger-spec-validator
iniconfig==2.0.0
    # via pytest
ipykernel==6.29.5
    # via anydoor-refiners
ipython==8.29.0
    # via anydoor-refiners
    # via ipykernel
    # via ipywidgets
ipywidgets==8.1.5
    # via anydoor-refiners
isoduration==20.11.0
    # via jsonschema
jaxtyping==0.2.34
    # via refiners
jedi==0.19.1
    # via ipython
jinja2==3.1.4
    # via altair
    # via gradio
    # via pydeck
    # via torch
jmespath==1.0.1
    # via boto3
    # via botocore
jsonpointer==3.0.0
    # via jsonschema
jsonref==1.1.0
    # via bravado-core
jsonschema==4.23.0
    # via altair
    # via bravado-core
    # via swagger-spec-validator
jsonschema-specifications==2024.10.1
    # via jsonschema
jupyter-client==8.6.3
    # via ipykernel
jupyter-core==5.7.2
    # via ipykernel
    # via jupyter-client
jupyterlab-widgets==3.0.13
    # via ipywidgets
kiwisolver==1.4.7
    # via matplotlib
lightning-utilities==0.11.8
    # via pytorch-lightning
    # via torchmetrics
loguru==0.7.2
    # via refiners
markdown-it-py==3.0.0
    # via rich
markupsafe==2.1.5
    # via gradio
    # via jinja2
matplotlib==3.9.2
    # via anydoor-refiners
matplotlib-inline==0.1.7
    # via ipykernel
    # via ipython
mdurl==0.1.2
    # via markdown-it-py
monotonic==1.6
    # via bravado
mpmath==1.3.0
    # via sympy
msgpack==1.1.0
    # via bravado
    # via bravado-core
multidict==6.1.0
    # via aiohttp
    # via yarl
multiprocess==0.70.16
    # via datasets
narwhals==1.14.2
    # via altair
neptune==1.13.0
    # via refiners
nest-asyncio==1.6.0
    # via ipykernel
networkx==3.4.2
    # via torch
numpy==2.1.2
    # via albucore
    # via albumentations
    # via bitsandbytes
    # via contourpy
    # via datasets
    # via gradio
    # via matplotlib
    # via opencv-python
    # via opencv-python-headless
    # via pandas
    # via pydeck
    # via refiners
    # via scipy
    # via streamlit
    # via torchmetrics
    # via torchvision
    # via xformers
nvidia-cublas-cu12==12.4.5.8
    # via nvidia-cudnn-cu12
    # via nvidia-cusolver-cu12
    # via torch
nvidia-cuda-cupti-cu12==12.4.127
    # via torch
nvidia-cuda-nvrtc-cu12==12.4.127
    # via torch
nvidia-cuda-runtime-cu12==12.4.127
    # via torch
nvidia-cudnn-cu12==9.1.0.70
    # via torch
nvidia-cufft-cu12==11.2.1.3
    # via torch
nvidia-curand-cu12==10.3.5.147
    # via torch
nvidia-cusolver-cu12==11.6.1.9
    # via torch
nvidia-cusparse-cu12==12.3.1.170
    # via nvidia-cusolver-cu12
    # via torch
nvidia-nccl-cu12==2.21.5
    # via torch
nvidia-nvjitlink-cu12==12.4.127
    # via nvidia-cusolver-cu12
    # via nvidia-cusparse-cu12
    # via torch
nvidia-nvtx-cu12==12.4.127
    # via torch
oauthlib==3.2.2
    # via neptune
    # via requests-oauthlib
omegaconf==2.3.0
    # via anydoor-refiners
opencv-python==4.10.0.84
    # via anydoor-refiners
opencv-python-headless==4.10.0.84
    # via albucore
    # via albumentations
orjson==3.10.11
    # via gradio
packaging==24.1
    # via altair
    # via datasets
    # via gradio
    # via gradio-client
    # via huggingface-hub
    # via ipykernel
    # via lightning-utilities
    # via matplotlib
    # via neptune
    # via pytest
    # via pytorch-lightning
    # via refiners
    # via streamlit
    # via torchmetrics
pandas==2.2.3
    # via datasets
    # via gradio
    # via neptune
    # via streamlit
parso==0.8.4
    # via jedi
pexpect==4.9.0
    # via ipython
pillow==11.0.0
    # via gradio
    # via matplotlib
    # via neptune
    # via refiners
    # via streamlit
    # via torchvision
platformdirs==4.3.6
    # via jupyter-core
    # via wandb
pluggy==1.5.0
    # via pytest
prodigyopt==1.0
    # via refiners
prompt-toolkit==3.0.48
    # via ipython
propcache==0.2.0
    # via yarl
protobuf==5.28.3
    # via streamlit
    # via wandb
psutil==6.1.0
    # via ipykernel
    # via neptune
    # via wandb
ptyprocess==0.7.0
    # via pexpect
pure-eval==0.2.3
    # via stack-data
pyarrow==18.0.0
    # via datasets
    # via streamlit
pydantic==2.9.2
    # via albumentations
    # via fastapi
    # via gradio
    # via refiners
pydantic-core==2.23.4
    # via pydantic
pydeck==0.9.1
    # via streamlit
pydub==0.25.1
    # via gradio
pygments==2.18.0
    # via ipython
    # via rich
pyjwt==2.10.0
    # via neptune
pyparsing==3.2.0
    # via matplotlib
pytest==8.3.3
    # via anydoor-refiners
python-dateutil==2.9.0.post0
    # via arrow
    # via botocore
    # via bravado
    # via bravado-core
    # via jupyter-client
    # via matplotlib
    # via pandas
python-multipart==0.0.12
    # via gradio
pytorch-lightning==2.4.0
    # via anydoor-refiners
pytz==2024.2
    # via bravado-core
    # via pandas
pyyaml==6.0.2
    # via albumentations
    # via bravado
    # via bravado-core
    # via datasets
    # via gradio
    # via huggingface-hub
    # via omegaconf
    # via pytorch-lightning
    # via swagger-spec-validator
    # via wandb
pyzmq==26.2.0
    # via ipykernel
    # via jupyter-client
referencing==0.35.1
    # via jsonschema
    # via jsonschema-specifications
refiners @ git+https://github.com/finegrain-ai/refiners.git@346a0fb5752150c4feb7b73dfe52674ccc9d41d2
    # via anydoor-refiners
requests==2.32.3
    # via bravado
    # via bravado-core
    # via datasets
    # via huggingface-hub
    # via neptune
    # via requests-oauthlib
    # via streamlit
    # via wandb
requests-oauthlib==2.0.0
    # via neptune
rfc3339-validator==0.1.4
    # via jsonschema
rfc3986-validator==0.1.1
    # via jsonschema
rich==13.9.4
    # via streamlit
    # via typer
rpds-py==0.21.0
    # via jsonschema
    # via referencing
ruff==0.7.3
    # via gradio
s3transfer==0.10.3
    # via boto3
safehttpx==0.1.1
    # via gradio
safetensors==0.4.5
    # via anydoor-refiners
    # via refiners
scipy==1.14.1
    # via albumentations
semantic-version==2.10.0
    # via gradio
sentry-sdk==2.18.0
    # via wandb
setproctitle==1.3.4
    # via wandb
setuptools==75.3.0
    # via lightning-utilities
    # via wandb
shellingham==1.5.4
    # via typer
simplejson==3.19.3
    # via bravado
    # via bravado-core
simsimd==6.0.5
    # via albucore
six==1.16.0
    # via asttokens
    # via bravado
    # via bravado-core
    # via docker-pycreds
    # via neptune
    # via python-dateutil
    # via rfc3339-validator
smmap==5.0.1
    # via gitdb
sniffio==1.3.1
    # via anyio
    # via httpx
stack-data==0.6.3
    # via ipython
starlette==0.41.2
    # via fastapi
    # via gradio
streamlit==1.40.1
    # via anydoor-refiners
stringzilla==3.10.10
    # via albucore
swagger-spec-validator==3.0.4
    # via bravado-core
    # via neptune
sympy==1.13.1
    # via torch
tenacity==9.0.0
    # via streamlit
toml==0.10.2
    # via streamlit
tomli==2.1.0
    # via refiners
tomlkit==0.12.0
    # via gradio
torch==2.5.1
    # via bitsandbytes
    # via pytorch-lightning
    # via refiners
    # via torchmetrics
    # via torchvision
    # via xformers
torchmetrics==1.4.3
    # via pytorch-lightning
torchvision==0.20.1
    # via refiners
tornado==6.4.1
    # via ipykernel
    # via jupyter-client
    # via streamlit
tqdm==4.66.5
    # via anydoor-refiners
    # via datasets
    # via huggingface-hub
    # via pytorch-lightning
traitlets==5.14.3
    # via comm
    # via ipykernel
    # via ipython
    # via ipywidgets
    # via jupyter-client
    # via jupyter-core
    # via matplotlib-inline
triton==3.1.0
    # via torch
typeguard==2.13.3
    # via jaxtyping
typer==0.13.0
    # via gradio
types-python-dateutil==2.9.0.20241003
    # via arrow
typing-extensions==4.12.2
    # via altair
    # via bravado
    # via fastapi
    # via gradio
    # via gradio-client
    # via huggingface-hub
    # via ipython
    # via lightning-utilities
    # via neptune
    # via pydantic
    # via pydantic-core
    # via pytorch-lightning
    # via streamlit
    # via swagger-spec-validator
    # via torch
    # via typer
    # via wandb
tzdata==2024.2
    # via pandas
uri-template==1.3.0
    # via jsonschema
urllib3==2.2.3
    # via botocore
    # via neptune
    # via requests
    # via sentry-sdk
uvicorn==0.32.0
    # via gradio
wandb==0.18.7
    # via refiners
watchdog==6.0.0
    # via streamlit
wcwidth==0.2.13
    # via prompt-toolkit
webcolors==24.11.1
    # via jsonschema
websocket-client==1.8.0
    # via neptune
websockets==12.0
    # via gradio-client
widgetsnbextension==4.0.13
    # via ipywidgets
xformers==0.0.28.post3
    # via anydoor-refiners
xxhash==3.5.0
    # via datasets
yarl==1.17.0
    # via aiohttp
